
Microsoft Visual Studio Solution File, Format Version 12.00
# Visual Studio 15
VisualStudioVersion = 15.0.27703.2000
MinimumVisualStudioVersion = 10.0.40219.1
Project("{9A19103F-16F7-4668-BE54-9A1E7A4F7556}") = "MLAPI.Relay", "MLAPI.Relay\MLAPI.Relay.csproj", "{987C1675-41A5-4587-AAC4-F44C2621E337}"
EndProject
Project("{2150E333-8FDC-42A3-9474-1A3956D46DE8}") = "Solution Items", "Solution Items", "{764D72F2-52B9-4EB8-8FF6-5AB4D65CBE2A}"
	ProjectSection(SolutionItems) = preProject
		RelayTransport.cs = RelayTransport.cs
	EndProjectSection
EndProject
Global
	GlobalSection(SolutionConfigurationPlatforms) = preSolution
		Debug|Any CPU = Debug|Any CPU
		Release|Any CPU = Release|Any CPU
	EndGlobalSection
	GlobalSection(ProjectConfigurationPlatforms) = postSolution
		{987C1675-41A5-4587-AAC4-F44C2621E337}.Debug|Any CPU.ActiveCfg = Debug|Any CPU
		{987C1675-41A5-4587-AAC4-F44C2621E337}.Debug|Any CPU.Build.0 = Debug|Any CPU
		{987C1675-41A5-4587-AAC4-F44C2621E337}.Release|Any CPU.ActiveCfg = Release|Any CPU
		{987C1675-41A5-4587-AAC4-F44C2621E337}.Release|Any CPU.Build.0 = Release|Any CPU
	EndGlobalSection
	GlobalSection(SolutionProperties) = preSolution
		HideSolutionNode = FALSE
	EndGlobalSection
	GlobalSection(ExtensibilityGlobals) = postSolution
		SolutionGuid = {15062BBA-73B7-444F-84DF-B0225C720EC1}
	EndGlobalSection
EndGlobal
